
Microsoft Visual Studio Solution File, Format Version 12.00
# Visual Studio Version 16
VisualStudioVersion = 16.0.31112.23
MinimumVisualStudioVersion = 10.0.40219.1
Project("{9A19103F-16F7-4668-BE54-9A1E7A4F7556}") = "UIFramework", "UIFramework\UIFramework.csproj", "{FD20F047-4274-460E-8EE3-DD73A2E4255A}"
EndProject
Project("{9A19103F-16F7-4668-BE54-9A1E7A4F7556}") = "UIFramework.Test", "UIFramework.Test\UIFramework.Test.csproj", "{BA379A21-D46E-4399-8066-D9D702EAE8F1}"
EndProject
Global
	GlobalSection(SolutionConfigurationPlatforms) = preSolution
		Debug|Any CPU = Debug|Any CPU
		Release|Any CPU = Release|Any CPU
	EndGlobalSection
	GlobalSection(ProjectConfigurationPlatforms) = postSolution
		{FD20F047-4274-460E-8EE3-DD73A2E4255A}.Debug|Any CPU.ActiveCfg = Debug|Any CPU
		{FD20F047-4274-460E-8EE3-DD73A2E4255A}.Debug|Any CPU.Build.0 = Debug|Any CPU
		{FD20F047-4274-460E-8EE3-DD73A2E4255A}.Release|Any CPU.ActiveCfg = Release|Any CPU
		{FD20F047-4274-460E-8EE3-DD73A2E4255A}.Release|Any CPU.Build.0 = Release|Any CPU
		{BA379A21-D46E-4399-8066-D9D702EAE8F1}.Debug|Any CPU.ActiveCfg = Debug|Any CPU
		{BA379A21-D46E-4399-8066-D9D702EAE8F1}.Debug|Any CPU.Build.0 = Debug|Any CPU
		{BA379A21-D46E-4399-8066-D9D702EAE8F1}.Release|Any CPU.ActiveCfg = Release|Any CPU
		{BA379A21-D46E-4399-8066-D9D702EAE8F1}.Release|Any CPU.Build.0 = Release|Any CPU
	EndGlobalSection
	GlobalSection(SolutionProperties) = preSolution
		HideSolutionNode = FALSE
	EndGlobalSection
	GlobalSection(ExtensibilityGlobals) = postSolution
		SolutionGuid = {52868087-AE99-428E-AF09-361401554116}
	EndGlobalSection
EndGlobal
